
Microsoft Visual Studio Solution File, Format Version 12.00
# Visual Studio Version 16
VisualStudioVersion = 16.0.29613.14
MinimumVisualStudioVersion = 10.0.40219.1
Project("{FAE04EC0-301F-11D3-BF4B-00C04F79EFBC}") = "MethoToTheMadness1.1.sln", "MethoToTheMadness1.1.sln.csproj", "{AD1757C4-88B2-4B31-B804-F45E3B515D0A}"
EndProject
Global
	GlobalSection(SolutionConfigurationPlatforms) = preSolution
		Debug|Any CPU = Debug|Any CPU
		Release|Any CPU = Release|Any CPU
	EndGlobalSection
	GlobalSection(ProjectConfigurationPlatforms) = postSolution
		{AD1757C4-88B2-4B31-B804-F45E3B515D0A}.Debug|Any CPU.ActiveCfg = Debug|Any CPU
		{AD1757C4-88B2-4B31-B804-F45E3B515D0A}.Debug|Any CPU.Build.0 = Debug|Any CPU
		{AD1757C4-88B2-4B31-B804-F45E3B515D0A}.Release|Any CPU.ActiveCfg = Release|Any CPU
		{AD1757C4-88B2-4B31-B804-F45E3B515D0A}.Release|Any CPU.Build.0 = Release|Any CPU
	EndGlobalSection
	GlobalSection(SolutionProperties) = preSolution
		HideSolutionNode = FALSE
	EndGlobalSection
	GlobalSection(ExtensibilityGlobals) = postSolution
		SolutionGuid = {A318A6B5-B17E-415E-9CAC-B7BDBFDB71E7}
	EndGlobalSection
EndGlobal
